// !$*UTF8*$!
{
	archiveVersion = 1;
	classes = {
	};
	objectVersion = 50;
	objects = {

/* Begin PBXBuildFile section */
		1A9C4AAF2D5550677001B2D0 /* Pods_Chatter.framework in Frameworks */ = {isa = PBXBuildFile; fileRef = F360D977CBEA2C97C4B3F5D1 /* Pods_Chatter.framework */; };
		2C4273F72214DB05005BE980 /* HomeDatasourceController.swift in Sources */ = {isa = PBXBuildFile; fileRef = 2C4273F62214DB05005BE980 /* HomeDatasourceController.swift */; };
		2C4273FC2214E8DC005BE980 /* HomeHeaderFooter.swift in Sources */ = {isa = PBXBuildFile; fileRef = 2C4273FB2214E8DC005BE980 /* HomeHeaderFooter.swift */; };
		2C4273FE2214E92D005BE980 /* HomeDatasource.swift in Sources */ = {isa = PBXBuildFile; fileRef = 2C4273FD2214E92D005BE980 /* HomeDatasource.swift */; };
		2C427400221B777B005BE980 /* Chatroom.swift in Sources */ = {isa = PBXBuildFile; fileRef = 2C4273FF221B777B005BE980 /* Chatroom.swift */; };
		2C427402221B848B005BE980 /* HomeCell.swift in Sources */ = {isa = PBXBuildFile; fileRef = 2C427401221B848B005BE980 /* HomeCell.swift */; };
		2C427404221CC75C005BE980 /* HomeDatasourceController+navbar.swift in Sources */ = {isa = PBXBuildFile; fileRef = 2C427403221CC75C005BE980 /* HomeDatasourceController+navbar.swift */; };
		2C670EF42224B9EB00CA79B0 /* ChatMessage.swift in Sources */ = {isa = PBXBuildFile; fileRef = 2C670EF32224B9EB00CA79B0 /* ChatMessage.swift */; };
		2C670EF82224BFFB00CA79B0 /* CreateChatroomStoryboard.storyboard in Resources */ = {isa = PBXBuildFile; fileRef = 2C670EF72224BFFB00CA79B0 /* CreateChatroomStoryboard.storyboard */; };
		2C670EFA2224C17200CA79B0 /* CreateChatroomController.swift in Sources */ = {isa = PBXBuildFile; fileRef = 2C670EF92224C17200CA79B0 /* CreateChatroomController.swift */; };
		2C6F991F2228AEB700D862A6 /* EmojiChecker.swift in Sources */ = {isa = PBXBuildFile; fileRef = 2C6F991E2228AEB700D862A6 /* EmojiChecker.swift */; };
		2C92C2202242F18B001A2358 /* ProfileController.swift in Sources */ = {isa = PBXBuildFile; fileRef = 2C92C21F2242F18B001A2358 /* ProfileController.swift */; };
		2C92C2222242F784001A2358 /* LurkController.swift in Sources */ = {isa = PBXBuildFile; fileRef = 2C92C2212242F784001A2358 /* LurkController.swift */; };
		2C92C22422443035001A2358 /* SharedData.swift in Sources */ = {isa = PBXBuildFile; fileRef = 2C92C22322443035001A2358 /* SharedData.swift */; };
		2C92C22722468929001A2358 /* CameraController.swift in Sources */ = {isa = PBXBuildFile; fileRef = 2C92C22622468929001A2358 /* CameraController.swift */; };
		2CA14F9B22274E0C00B69F02 /* GoogleService-Info.plist in Resources */ = {isa = PBXBuildFile; fileRef = 2CA14F9A22274E0C00B69F02 /* GoogleService-Info.plist */; };
		2CDA1A2B222DDDCB007D460F /* ChatroomController.swift in Sources */ = {isa = PBXBuildFile; fileRef = 2CDA1A2A222DDDCB007D460F /* ChatroomController.swift */; };
		2CDA1A2D222F4BDE007D460F /* ChatroomController+navbar+input.swift in Sources */ = {isa = PBXBuildFile; fileRef = 2CDA1A2C222F4BDE007D460F /* ChatroomController+navbar+input.swift */; };
		2CDA1A2F222F6199007D460F /* ChatroomMessageCell.swift in Sources */ = {isa = PBXBuildFile; fileRef = 2CDA1A2E222F6199007D460F /* ChatroomMessageCell.swift */; };
		2CDFA725223B1782009E6306 /* TabBarController.swift in Sources */ = {isa = PBXBuildFile; fileRef = 2CDFA724223B1782009E6306 /* TabBarController.swift */; };
		2CF027BC22123D9D00215BEF /* AppDelegate.swift in Sources */ = {isa = PBXBuildFile; fileRef = 2CF027BB22123D9D00215BEF /* AppDelegate.swift */; };
		2CF027C322123DA000215BEF /* Assets.xcassets in Resources */ = {isa = PBXBuildFile; fileRef = 2CF027C222123DA000215BEF /* Assets.xcassets */; };
		2CF027C622123DA000215BEF /* LaunchScreen.storyboard in Resources */ = {isa = PBXBuildFile; fileRef = 2CF027C422123DA000215BEF /* LaunchScreen.storyboard */; };
		2CF027CE22123DD100215BEF /* HomeController.swift in Sources */ = {isa = PBXBuildFile; fileRef = 2CF027CD22123DD100215BEF /* HomeController.swift */; };
/* End PBXBuildFile section */

/* Begin PBXFileReference section */
		2C4273F62214DB05005BE980 /* HomeDatasourceController.swift */ = {isa = PBXFileReference; lastKnownFileType = sourcecode.swift; path = HomeDatasourceController.swift; sourceTree = "<group>"; };
		2C4273FB2214E8DC005BE980 /* HomeHeaderFooter.swift */ = {isa = PBXFileReference; lastKnownFileType = sourcecode.swift; path = HomeHeaderFooter.swift; sourceTree = "<group>"; };
		2C4273FD2214E92D005BE980 /* HomeDatasource.swift */ = {isa = PBXFileReference; lastKnownFileType = sourcecode.swift; path = HomeDatasource.swift; sourceTree = "<group>"; };
		2C4273FF221B777B005BE980 /* Chatroom.swift */ = {isa = PBXFileReference; lastKnownFileType = sourcecode.swift; path = Chatroom.swift; sourceTree = "<group>"; };
		2C427401221B848B005BE980 /* HomeCell.swift */ = {isa = PBXFileReference; lastKnownFileType = sourcecode.swift; path = HomeCell.swift; sourceTree = "<group>"; };
		2C427403221CC75C005BE980 /* HomeDatasourceController+navbar.swift */ = {isa = PBXFileReference; lastKnownFileType = sourcecode.swift; path = "HomeDatasourceController+navbar.swift"; sourceTree = "<group>"; };
		2C670EF32224B9EB00CA79B0 /* ChatMessage.swift */ = {isa = PBXFileReference; lastKnownFileType = sourcecode.swift; path = ChatMessage.swift; sourceTree = "<group>"; };
		2C670EF72224BFFB00CA79B0 /* CreateChatroomStoryboard.storyboard */ = {isa = PBXFileReference; lastKnownFileType = file.storyboard; path = CreateChatroomStoryboard.storyboard; sourceTree = "<group>"; };
		2C670EF92224C17200CA79B0 /* CreateChatroomController.swift */ = {isa = PBXFileReference; lastKnownFileType = sourcecode.swift; path = CreateChatroomController.swift; sourceTree = "<group>"; };
		2C6F991E2228AEB700D862A6 /* EmojiChecker.swift */ = {isa = PBXFileReference; lastKnownFileType = sourcecode.swift; path = EmojiChecker.swift; sourceTree = "<group>"; };
		2C92C21F2242F18B001A2358 /* ProfileController.swift */ = {isa = PBXFileReference; lastKnownFileType = sourcecode.swift; path = ProfileController.swift; sourceTree = "<group>"; wrapsLines = 0; };
		2C92C2212242F784001A2358 /* LurkController.swift */ = {isa = PBXFileReference; lastKnownFileType = sourcecode.swift; path = LurkController.swift; sourceTree = "<group>"; };
		2C92C22322443035001A2358 /* SharedData.swift */ = {isa = PBXFileReference; lastKnownFileType = sourcecode.swift; path = SharedData.swift; sourceTree = "<group>"; };
		2C92C22622468929001A2358 /* CameraController.swift */ = {isa = PBXFileReference; lastKnownFileType = sourcecode.swift; path = CameraController.swift; sourceTree = "<group>"; };
		2CA14F9A22274E0C00B69F02 /* GoogleService-Info.plist */ = {isa = PBXFileReference; fileEncoding = 4; lastKnownFileType = text.plist.xml; path = "GoogleService-Info.plist"; sourceTree = "<group>"; };
		2CDA1A2A222DDDCB007D460F /* ChatroomController.swift */ = {isa = PBXFileReference; lastKnownFileType = sourcecode.swift; path = ChatroomController.swift; sourceTree = "<group>"; };
		2CDA1A2C222F4BDE007D460F /* ChatroomController+navbar+input.swift */ = {isa = PBXFileReference; lastKnownFileType = sourcecode.swift; path = "ChatroomController+navbar+input.swift"; sourceTree = "<group>"; };
		2CDA1A2E222F6199007D460F /* ChatroomMessageCell.swift */ = {isa = PBXFileReference; lastKnownFileType = sourcecode.swift; path = ChatroomMessageCell.swift; sourceTree = "<group>"; };
		2CDFA724223B1782009E6306 /* TabBarController.swift */ = {isa = PBXFileReference; lastKnownFileType = sourcecode.swift; path = TabBarController.swift; sourceTree = "<group>"; };
		2CF027B822123D9D00215BEF /* Chatter.app */ = {isa = PBXFileReference; explicitFileType = wrapper.application; includeInIndex = 0; path = Chatter.app; sourceTree = BUILT_PRODUCTS_DIR; };
		2CF027BB22123D9D00215BEF /* AppDelegate.swift */ = {isa = PBXFileReference; lastKnownFileType = sourcecode.swift; path = AppDelegate.swift; sourceTree = "<group>"; };
		2CF027C222123DA000215BEF /* Assets.xcassets */ = {isa = PBXFileReference; lastKnownFileType = folder.assetcatalog; path = Assets.xcassets; sourceTree = "<group>"; };
		2CF027C522123DA000215BEF /* Base */ = {isa = PBXFileReference; lastKnownFileType = file.storyboard; name = Base; path = Base.lproj/LaunchScreen.storyboard; sourceTree = "<group>"; };
		2CF027C722123DA000215BEF /* Info.plist */ = {isa = PBXFileReference; lastKnownFileType = text.plist.xml; path = Info.plist; sourceTree = "<group>"; };
		2CF027CD22123DD100215BEF /* HomeController.swift */ = {isa = PBXFileReference; lastKnownFileType = sourcecode.swift; path = HomeController.swift; sourceTree = "<group>"; };
		4906BE10CD40FC5171C77BCE /* Pods-Chatter.release.xcconfig */ = {isa = PBXFileReference; includeInIndex = 1; lastKnownFileType = text.xcconfig; name = "Pods-Chatter.release.xcconfig"; path = "Target Support Files/Pods-Chatter/Pods-Chatter.release.xcconfig"; sourceTree = "<group>"; };
		86D78D3D754D353B5A20FE45 /* Pods-Chatter.debug.xcconfig */ = {isa = PBXFileReference; includeInIndex = 1; lastKnownFileType = text.xcconfig; name = "Pods-Chatter.debug.xcconfig"; path = "Target Support Files/Pods-Chatter/Pods-Chatter.debug.xcconfig"; sourceTree = "<group>"; };
		F360D977CBEA2C97C4B3F5D1 /* Pods_Chatter.framework */ = {isa = PBXFileReference; explicitFileType = wrapper.framework; includeInIndex = 0; path = Pods_Chatter.framework; sourceTree = BUILT_PRODUCTS_DIR; };
/* End PBXFileReference section */

/* Begin PBXFrameworksBuildPhase section */
		2CF027B522123D9D00215BEF /* Frameworks */ = {
			isa = PBXFrameworksBuildPhase;
			buildActionMask = 2147483647;
			files = (
				1A9C4AAF2D5550677001B2D0 /* Pods_Chatter.framework in Frameworks */,
			);
			runOnlyForDeploymentPostprocessing = 0;
		};
/* End PBXFrameworksBuildPhase section */

/* Begin PBXGroup section */
		1341704B64E783072B0BEDBC /* Frameworks */ = {
			isa = PBXGroup;
			children = (
				F360D977CBEA2C97C4B3F5D1 /* Pods_Chatter.framework */,
			);
			name = Frameworks;
			sourceTree = "<group>";
		};
		2C4273F82214E87F005BE980 /* Controller */ = {
			isa = PBXGroup;
			children = (
				2C4273F62214DB05005BE980 /* HomeDatasourceController.swift */,
				2C427403221CC75C005BE980 /* HomeDatasourceController+navbar.swift */,
				2C670EF92224C17200CA79B0 /* CreateChatroomController.swift */,
				2CDA1A2A222DDDCB007D460F /* ChatroomController.swift */,
				2CDA1A2C222F4BDE007D460F /* ChatroomController+navbar+input.swift */,
				2C92C22622468929001A2358 /* CameraController.swift */,
			);
			path = Controller;
			sourceTree = "<group>";
		};
		2C4273F92214E887005BE980 /* Model */ = {
			isa = PBXGroup;
			children = (
				2C4273FF221B777B005BE980 /* Chatroom.swift */,
				2C4273FD2214E92D005BE980 /* HomeDatasource.swift */,
				2C670EF32224B9EB00CA79B0 /* ChatMessage.swift */,
			);
			path = Model;
			sourceTree = "<group>";
		};
		2C4273FA2214E88C005BE980 /* View */ = {
			isa = PBXGroup;
			children = (
				2C4273FB2214E8DC005BE980 /* HomeHeaderFooter.swift */,
				2C427401221B848B005BE980 /* HomeCell.swift */,
				2CDA1A2E222F6199007D460F /* ChatroomMessageCell.swift */,
				2C92C22322443035001A2358 /* SharedData.swift */,
			);
			path = View;
			sourceTree = "<group>";
		};
		2C6F99202228AEDE00D862A6 /* Misc */ = {
			isa = PBXGroup;
			children = (
				2C6F991E2228AEB700D862A6 /* EmojiChecker.swift */,
			);
			path = Misc;
			sourceTree = "<group>";
		};
		2C92C225224432E7001A2358 /* Controller-TabBar */ = {
			isa = PBXGroup;
			children = (
				2CDFA724223B1782009E6306 /* TabBarController.swift */,
				2C92C2212242F784001A2358 /* LurkController.swift */,
				2C92C21F2242F18B001A2358 /* ProfileController.swift */,
			);
			path = "Controller-TabBar";
			sourceTree = "<group>";
		};
		2CF027AF22123D9D00215BEF = {
			isa = PBXGroup;
			children = (
				2C670EF72224BFFB00CA79B0 /* CreateChatroomStoryboard.storyboard */,
				2CF027BA22123D9D00215BEF /* Chatter */,
				2CF027B922123D9D00215BEF /* Products */,
				5557A2728F3B0E0E8069B3F3 /* Pods */,
				1341704B64E783072B0BEDBC /* Frameworks */,
			);
			sourceTree = "<group>";
		};
		2CF027B922123D9D00215BEF /* Products */ = {
			isa = PBXGroup;
			children = (
				2CF027B822123D9D00215BEF /* Chatter.app */,
			);
			name = Products;
			sourceTree = "<group>";
		};
		2CF027BA22123D9D00215BEF /* Chatter */ = {
			isa = PBXGroup;
			children = (
				2C6F99202228AEDE00D862A6 /* Misc */,
				2C4273F92214E887005BE980 /* Model */,
				2C4273FA2214E88C005BE980 /* View */,
				2C4273F82214E87F005BE980 /* Controller */,
				2C92C225224432E7001A2358 /* Controller-TabBar */,
				2CF027BB22123D9D00215BEF /* AppDelegate.swift */,
				2CF027CD22123DD100215BEF /* HomeController.swift */,
				2CF027C222123DA000215BEF /* Assets.xcassets */,
				2CF027C422123DA000215BEF /* LaunchScreen.storyboard */,
				2CF027C722123DA000215BEF /* Info.plist */,
				2CA14F9A22274E0C00B69F02 /* GoogleService-Info.plist */,
			);
			path = Chatter;
			sourceTree = "<group>";
		};
		5557A2728F3B0E0E8069B3F3 /* Pods */ = {
			isa = PBXGroup;
			children = (
				86D78D3D754D353B5A20FE45 /* Pods-Chatter.debug.xcconfig */,
				4906BE10CD40FC5171C77BCE /* Pods-Chatter.release.xcconfig */,
			);
			path = Pods;
			sourceTree = "<group>";
		};
/* End PBXGroup section */

/* Begin PBXNativeTarget section */
		2CF027B722123D9D00215BEF /* Chatter */ = {
			isa = PBXNativeTarget;
			buildConfigurationList = 2CF027CA22123DA000215BEF /* Build configuration list for PBXNativeTarget "Chatter" */;
			buildPhases = (
				95A86700B6298F0EB2B2A688 /* [CP] Check Pods Manifest.lock */,
				2CF027B422123D9D00215BEF /* Sources */,
				2CF027B522123D9D00215BEF /* Frameworks */,
				2CF027B622123D9D00215BEF /* Resources */,
				1E3E0DD482DB4BE336781CCC /* [CP] Embed Pods Frameworks */,
			);
			buildRules = (
			);
			dependencies = (
			);
			name = Chatter;
			productName = Chatter;
			productReference = 2CF027B822123D9D00215BEF /* Chatter.app */;
			productType = "com.apple.product-type.application";
		};
/* End PBXNativeTarget section */

/* Begin PBXProject section */
		2CF027B022123D9D00215BEF /* Project object */ = {
			isa = PBXProject;
			attributes = {
				LastSwiftUpdateCheck = 1010;
				LastUpgradeCheck = 1010;
				ORGANIZATIONNAME = "Kenneth Galang";
				TargetAttributes = {
					2CF027B722123D9D00215BEF = {
						CreatedOnToolsVersion = 10.1;
					};
				};
			};
			buildConfigurationList = 2CF027B322123D9D00215BEF /* Build configuration list for PBXProject "Chatter" */;
			compatibilityVersion = "Xcode 9.3";
			developmentRegion = en;
			hasScannedForEncodings = 0;
			knownRegions = (
				en,
				Base,
			);
			mainGroup = 2CF027AF22123D9D00215BEF;
			productRefGroup = 2CF027B922123D9D00215BEF /* Products */;
			projectDirPath = "";
			projectRoot = "";
			targets = (
				2CF027B722123D9D00215BEF /* Chatter */,
			);
		};
/* End PBXProject section */

/* Begin PBXResourcesBuildPhase section */
		2CF027B622123D9D00215BEF /* Resources */ = {
			isa = PBXResourcesBuildPhase;
			buildActionMask = 2147483647;
			files = (
				2C670EF82224BFFB00CA79B0 /* CreateChatroomStoryboard.storyboard in Resources */,
				2CA14F9B22274E0C00B69F02 /* GoogleService-Info.plist in Resources */,
				2CF027C622123DA000215BEF /* LaunchScreen.storyboard in Resources */,
				2CF027C322123DA000215BEF /* Assets.xcassets in Resources */,
			);
			runOnlyForDeploymentPostprocessing = 0;
		};
/* End PBXResourcesBuildPhase section */

/* Begin PBXShellScriptBuildPhase section */
		1E3E0DD482DB4BE336781CCC /* [CP] Embed Pods Frameworks */ = {
			isa = PBXShellScriptBuildPhase;
			buildActionMask = 2147483647;
			files = (
			);
			inputFileListPaths = (
			);
			inputPaths = (
				"${PODS_ROOT}/Target Support Files/Pods-Chatter/Pods-Chatter-frameworks.sh",
				"${BUILT_PRODUCTS_DIR}/Alamofire/Alamofire.framework",
				"${BUILT_PRODUCTS_DIR}/BoringSSL-GRPC/openssl_grpc.framework",
				"${BUILT_PRODUCTS_DIR}/GTMSessionFetcher/GTMSessionFetcher.framework",
				"${BUILT_PRODUCTS_DIR}/GoogleUtilities/GoogleUtilities.framework",
				"${BUILT_PRODUCTS_DIR}/Kingfisher/Kingfisher.framework",
				"${BUILT_PRODUCTS_DIR}/LBTAComponents/LBTAComponents.framework",
				"${BUILT_PRODUCTS_DIR}/Protobuf/Protobuf.framework",
				"${BUILT_PRODUCTS_DIR}/SwiftyBeaver/SwiftyBeaver.framework",
				"${BUILT_PRODUCTS_DIR}/SwiftyJSON/SwiftyJSON.framework",
				"${BUILT_PRODUCTS_DIR}/TRON/TRON.framework",
				"${BUILT_PRODUCTS_DIR}/gRPC-C++/grpcpp.framework",
				"${BUILT_PRODUCTS_DIR}/gRPC-Core/grpc.framework",
				"${BUILT_PRODUCTS_DIR}/leveldb-library/leveldb.framework",
				"${BUILT_PRODUCTS_DIR}/nanopb/nanopb.framework",
			);
			name = "[CP] Embed Pods Frameworks";
			outputFileListPaths = (
			);
			outputPaths = (
				"${TARGET_BUILD_DIR}/${FRAMEWORKS_FOLDER_PATH}/Alamofire.framework",
				"${TARGET_BUILD_DIR}/${FRAMEWORKS_FOLDER_PATH}/openssl_grpc.framework",
				"${TARGET_BUILD_DIR}/${FRAMEWORKS_FOLDER_PATH}/GTMSessionFetcher.framework",
				"${TARGET_BUILD_DIR}/${FRAMEWORKS_FOLDER_PATH}/GoogleUtilities.framework",
				"${TARGET_BUILD_DIR}/${FRAMEWORKS_FOLDER_PATH}/Kingfisher.framework",
				"${TARGET_BUILD_DIR}/${FRAMEWORKS_FOLDER_PATH}/LBTAComponents.framework",
				"${TARGET_BUILD_DIR}/${FRAMEWORKS_FOLDER_PATH}/Protobuf.framework",
				"${TARGET_BUILD_DIR}/${FRAMEWORKS_FOLDER_PATH}/SwiftyBeaver.framework",
				"${TARGET_BUILD_DIR}/${FRAMEWORKS_FOLDER_PATH}/SwiftyJSON.framework",
				"${TARGET_BUILD_DIR}/${FRAMEWORKS_FOLDER_PATH}/TRON.framework",
				"${TARGET_BUILD_DIR}/${FRAMEWORKS_FOLDER_PATH}/grpcpp.framework",
				"${TARGET_BUILD_DIR}/${FRAMEWORKS_FOLDER_PATH}/grpc.framework",
				"${TARGET_BUILD_DIR}/${FRAMEWORKS_FOLDER_PATH}/leveldb.framework",
				"${TARGET_BUILD_DIR}/${FRAMEWORKS_FOLDER_PATH}/nanopb.framework",
			);
			runOnlyForDeploymentPostprocessing = 0;
			shellPath = /bin/sh;
			shellScript = "\"${PODS_ROOT}/Target Support Files/Pods-Chatter/Pods-Chatter-frameworks.sh\"\n";
			showEnvVarsInLog = 0;
		};
		95A86700B6298F0EB2B2A688 /* [CP] Check Pods Manifest.lock */ = {
			isa = PBXShellScriptBuildPhase;
			buildActionMask = 2147483647;
			files = (
			);
			inputFileListPaths = (
			);
			inputPaths = (
				"${PODS_PODFILE_DIR_PATH}/Podfile.lock",
				"${PODS_ROOT}/Manifest.lock",
			);
			name = "[CP] Check Pods Manifest.lock";
			outputFileListPaths = (
			);
			outputPaths = (
				"$(DERIVED_FILE_DIR)/Pods-Chatter-checkManifestLockResult.txt",
			);
			runOnlyForDeploymentPostprocessing = 0;
			shellPath = /bin/sh;
			shellScript = "diff \"${PODS_PODFILE_DIR_PATH}/Podfile.lock\" \"${PODS_ROOT}/Manifest.lock\" > /dev/null\nif [ $? != 0 ] ; then\n    # print error to STDERR\n    echo \"error: The sandbox is not in sync with the Podfile.lock. Run 'pod install' or update your CocoaPods installation.\" >&2\n    exit 1\nfi\n# This output is used by Xcode 'outputs' to avoid re-running this script phase.\necho \"SUCCESS\" > \"${SCRIPT_OUTPUT_FILE_0}\"\n";
			showEnvVarsInLog = 0;
		};
/* End PBXShellScriptBuildPhase section */

/* Begin PBXSourcesBuildPhase section */
		2CF027B422123D9D00215BEF /* Sources */ = {
			isa = PBXSourcesBuildPhase;
			buildActionMask = 2147483647;
			files = (
				2C92C22422443035001A2358 /* SharedData.swift in Sources */,
				2C670EFA2224C17200CA79B0 /* CreateChatroomController.swift in Sources */,
				2CDA1A2B222DDDCB007D460F /* ChatroomController.swift in Sources */,
				2CDFA725223B1782009E6306 /* TabBarController.swift in Sources */,
				2C4273FE2214E92D005BE980 /* HomeDatasource.swift in Sources */,
				2CF027CE22123DD100215BEF /* HomeController.swift in Sources */,
				2C670EF42224B9EB00CA79B0 /* ChatMessage.swift in Sources */,
				2C427400221B777B005BE980 /* Chatroom.swift in Sources */,
				2C92C2202242F18B001A2358 /* ProfileController.swift in Sources */,
				2C6F991F2228AEB700D862A6 /* EmojiChecker.swift in Sources */,
				2C4273FC2214E8DC005BE980 /* HomeHeaderFooter.swift in Sources */,
				2C4273F72214DB05005BE980 /* HomeDatasourceController.swift in Sources */,
				2CDA1A2F222F6199007D460F /* ChatroomMessageCell.swift in Sources */,
				2CDA1A2D222F4BDE007D460F /* ChatroomController+navbar+input.swift in Sources */,
				2C427404221CC75C005BE980 /* HomeDatasourceController+navbar.swift in Sources */,
				2CF027BC22123D9D00215BEF /* AppDelegate.swift in Sources */,
				2C92C22722468929001A2358 /* CameraController.swift in Sources */,
				2C92C2222242F784001A2358 /* LurkController.swift in Sources */,
				2C427402221B848B005BE980 /* HomeCell.swift in Sources */,
			);
			runOnlyForDeploymentPostprocessing = 0;
		};
/* End PBXSourcesBuildPhase section */

/* Begin PBXVariantGroup section */
		2CF027C422123DA000215BEF /* LaunchScreen.storyboard */ = {
			isa = PBXVariantGroup;
			children = (
				2CF027C522123DA000215BEF /* Base */,
			);
			name = LaunchScreen.storyboard;
			sourceTree = "<group>";
		};
/* End PBXVariantGroup section */

/* Begin XCBuildConfiguration section */
		2CF027C822123DA000215BEF /* Debug */ = {
			isa = XCBuildConfiguration;
			buildSettings = {
				ALWAYS_SEARCH_USER_PATHS = NO;
				CLANG_ANALYZER_NONNULL = YES;
				CLANG_ANALYZER_NUMBER_OBJECT_CONVERSION = YES_AGGRESSIVE;
				CLANG_CXX_LANGUAGE_STANDARD = "gnu++14";
				CLANG_CXX_LIBRARY = "libc++";
				CLANG_ENABLE_MODULES = YES;
				CLANG_ENABLE_OBJC_ARC = YES;
				CLANG_ENABLE_OBJC_WEAK = YES;
				CLANG_WARN_BLOCK_CAPTURE_AUTORELEASING = YES;
				CLANG_WARN_BOOL_CONVERSION = YES;
				CLANG_WARN_COMMA = YES;
				CLANG_WARN_CONSTANT_CONVERSION = YES;
				CLANG_WARN_DEPRECATED_OBJC_IMPLEMENTATIONS = YES;
				CLANG_WARN_DIRECT_OBJC_ISA_USAGE = YES_ERROR;
				CLANG_WARN_DOCUMENTATION_COMMENTS = YES;
				CLANG_WARN_EMPTY_BODY = YES;
				CLANG_WARN_ENUM_CONVERSION = YES;
				CLANG_WARN_INFINITE_RECURSION = YES;
				CLANG_WARN_INT_CONVERSION = YES;
				CLANG_WARN_NON_LITERAL_NULL_CONVERSION = YES;
				CLANG_WARN_OBJC_IMPLICIT_RETAIN_SELF = YES;
				CLANG_WARN_OBJC_LITERAL_CONVERSION = YES;
				CLANG_WARN_OBJC_ROOT_CLASS = YES_ERROR;
				CLANG_WARN_RANGE_LOOP_ANALYSIS = YES;
				CLANG_WARN_STRICT_PROTOTYPES = YES;
				CLANG_WARN_SUSPICIOUS_MOVE = YES;
				CLANG_WARN_UNGUARDED_AVAILABILITY = YES_AGGRESSIVE;
				CLANG_WARN_UNREACHABLE_CODE = YES;
				CLANG_WARN__DUPLICATE_METHOD_MATCH = YES;
				CODE_SIGN_IDENTITY = "iPhone Developer";
				COPY_PHASE_STRIP = NO;
				DEBUG_INFORMATION_FORMAT = dwarf;
				ENABLE_STRICT_OBJC_MSGSEND = YES;
				ENABLE_TESTABILITY = YES;
				GCC_C_LANGUAGE_STANDARD = gnu11;
				GCC_DYNAMIC_NO_PIC = NO;
				GCC_NO_COMMON_BLOCKS = YES;
				GCC_OPTIMIZATION_LEVEL = 0;
				GCC_PREPROCESSOR_DEFINITIONS = (
					"DEBUG=1",
					"$(inherited)",
				);
				GCC_WARN_64_TO_32_BIT_CONVERSION = YES;
				GCC_WARN_ABOUT_RETURN_TYPE = YES_ERROR;
				GCC_WARN_UNDECLARED_SELECTOR = YES;
				GCC_WARN_UNINITIALIZED_AUTOS = YES_AGGRESSIVE;
				GCC_WARN_UNUSED_FUNCTION = YES;
				GCC_WARN_UNUSED_VARIABLE = YES;
				IPHONEOS_DEPLOYMENT_TARGET = 12.1;
				MTL_ENABLE_DEBUG_INFO = INCLUDE_SOURCE;
				MTL_FAST_MATH = YES;
				ONLY_ACTIVE_ARCH = YES;
				SDKROOT = iphoneos;
				SWIFT_ACTIVE_COMPILATION_CONDITIONS = DEBUG;
				SWIFT_OPTIMIZATION_LEVEL = "-Onone";
			};
			name = Debug;
		};
		2CF027C922123DA000215BEF /* Release */ = {
			isa = XCBuildConfiguration;
			buildSettings = {
				ALWAYS_SEARCH_USER_PATHS = NO;
				CLANG_ANALYZER_NONNULL = YES;
				CLANG_ANALYZER_NUMBER_OBJECT_CONVERSION = YES_AGGRESSIVE;
				CLANG_CXX_LANGUAGE_STANDARD = "gnu++14";
				CLANG_CXX_LIBRARY = "libc++";
				CLANG_ENABLE_MODULES = YES;
				CLANG_ENABLE_OBJC_ARC = YES;
				CLANG_ENABLE_OBJC_WEAK = YES;
				CLANG_WARN_BLOCK_CAPTURE_AUTORELEASING = YES;
				CLANG_WARN_BOOL_CONVERSION = YES;
				CLANG_WARN_COMMA = YES;
				CLANG_WARN_CONSTANT_CONVERSION = YES;
				CLANG_WARN_DEPRECATED_OBJC_IMPLEMENTATIONS = YES;
				CLANG_WARN_DIRECT_OBJC_ISA_USAGE = YES_ERROR;
				CLANG_WARN_DOCUMENTATION_COMMENTS = YES;
				CLANG_WARN_EMPTY_BODY = YES;
				CLANG_WARN_ENUM_CONVERSION = YES;
				CLANG_WARN_INFINITE_RECURSION = YES;
				CLANG_WARN_INT_CONVERSION = YES;
				CLANG_WARN_NON_LITERAL_NULL_CONVERSION = YES;
				CLANG_WARN_OBJC_IMPLICIT_RETAIN_SELF = YES;
				CLANG_WARN_OBJC_LITERAL_CONVERSION = YES;
				CLANG_WARN_OBJC_ROOT_CLASS = YES_ERROR;
				CLANG_WARN_RANGE_LOOP_ANALYSIS = YES;
				CLANG_WARN_STRICT_PROTOTYPES = YES;
				CLANG_WARN_SUSPICIOUS_MOVE = YES;
				CLANG_WARN_UNGUARDED_AVAILABILITY = YES_AGGRESSIVE;
				CLANG_WARN_UNREACHABLE_CODE = YES;
				CLANG_WARN__DUPLICATE_METHOD_MATCH = YES;
				CODE_SIGN_IDENTITY = "iPhone Developer";
				COPY_PHASE_STRIP = NO;
				DEBUG_INFORMATION_FORMAT = "dwarf-with-dsym";
				ENABLE_NS_ASSERTIONS = NO;
				ENABLE_STRICT_OBJC_MSGSEND = YES;
				GCC_C_LANGUAGE_STANDARD = gnu11;
				GCC_NO_COMMON_BLOCKS = YES;
				GCC_WARN_64_TO_32_BIT_CONVERSION = YES;
				GCC_WARN_ABOUT_RETURN_TYPE = YES_ERROR;
				GCC_WARN_UNDECLARED_SELECTOR = YES;
				GCC_WARN_UNINITIALIZED_AUTOS = YES_AGGRESSIVE;
				GCC_WARN_UNUSED_FUNCTION = YES;
				GCC_WARN_UNUSED_VARIABLE = YES;
				IPHONEOS_DEPLOYMENT_TARGET = 12.1;
				MTL_ENABLE_DEBUG_INFO = NO;
				MTL_FAST_MATH = YES;
				SDKROOT = iphoneos;
				SWIFT_COMPILATION_MODE = wholemodule;
				SWIFT_OPTIMIZATION_LEVEL = "-O";
				VALIDATE_PRODUCT = YES;
			};
			name = Release;
		};
		2CF027CB22123DA000215BEF /* Debug */ = {
			isa = XCBuildConfiguration;
			baseConfigurationReference = 86D78D3D754D353B5A20FE45 /* Pods-Chatter.debug.xcconfig */;
			buildSettings = {
				ASSETCATALOG_COMPILER_APPICON_NAME = AppIcon;
				CODE_SIGN_STYLE = Automatic;
				DEVELOPMENT_TEAM = B7VNMJB5J7;
				INFOPLIST_FILE = Chatter/Info.plist;
				LD_RUNPATH_SEARCH_PATHS = (
					"$(inherited)",
					"@executable_path/Frameworks",
				);
				PRODUCT_BUNDLE_IDENTIFIER = com.learnappmaking.Chatter;
				PRODUCT_NAME = "$(TARGET_NAME)";
				SWIFT_VERSION = 4.2;
				TARGETED_DEVICE_FAMILY = "1,2";
			};
			name = Debug;
		};
		2CF027CC22123DA000215BEF /* Release */ = {
			isa = XCBuildConfiguration;
			baseConfigurationReference = 4906BE10CD40FC5171C77BCE /* Pods-Chatter.release.xcconfig */;
			buildSettings = {
				ASSETCATALOG_COMPILER_APPICON_NAME = AppIcon;
				CODE_SIGN_STYLE = Automatic;
				DEVELOPMENT_TEAM = B7VNMJB5J7;
				INFOPLIST_FILE = Chatter/Info.plist;
				LD_RUNPATH_SEARCH_PATHS = (
					"$(inherited)",
					"@executable_path/Frameworks",
				);
				PRODUCT_BUNDLE_IDENTIFIER = com.learnappmaking.Chatter;
				PRODUCT_NAME = "$(TARGET_NAME)";
				SWIFT_VERSION = 4.2;
				TARGETED_DEVICE_FAMILY = "1,2";
			};
			name = Release;
		};
/* End XCBuildConfiguration section */

/* Begin XCConfigurationList section */
		2CF027B322123D9D00215BEF /* Build configuration list for PBXProject "Chatter" */ = {
			isa = XCConfigurationList;
			buildConfigurations = (
				2CF027C822123DA000215BEF /* Debug */,
				2CF027C922123DA000215BEF /* Release */,
			);
			defaultConfigurationIsVisible = 0;
			defaultConfigurationName = Release;
		};
		2CF027CA22123DA000215BEF /* Build configuration list for PBXNativeTarget "Chatter" */ = {
			isa = XCConfigurationList;
			buildConfigurations = (
				2CF027CB22123DA000215BEF /* Debug */,
				2CF027CC22123DA000215BEF /* Release */,
			);
			defaultConfigurationIsVisible = 0;
			defaultConfigurationName = Release;
		};
/* End XCConfigurationList section */
	};
	rootObject = 2CF027B022123D9D00215BEF /* Project object */;
}
